
Microsoft Visual Studio Solution File, Format Version 12.00
# Visual Studio Version 16
VisualStudioVersion = 25.0.1703.5
MinimumVisualStudioVersion = 10.0.40219.1
Project("{FAE04EC0-301F-11D3-BF4B-00C04F79EFBC}") = "223", "223\223.csproj", "{C62AF1BC-AA33-4E4A-BBE7-230D824BAF68}"
EndProject
Global
	GlobalSection(SolutionConfigurationPlatforms) = preSolution
		Debug|Any CPU = Debug|Any CPU
		Release|Any CPU = Release|Any CPU
	EndGlobalSection
	GlobalSection(ProjectConfigurationPlatforms) = postSolution
		{C62AF1BC-AA33-4E4A-BBE7-230D824BAF68}.Debug|Any CPU.ActiveCfg = Debug|Any CPU
		{C62AF1BC-AA33-4E4A-BBE7-230D824BAF68}.Debug|Any CPU.Build.0 = Debug|Any CPU
		{C62AF1BC-AA33-4E4A-BBE7-230D824BAF68}.Release|Any CPU.ActiveCfg = Release|Any CPU
		{C62AF1BC-AA33-4E4A-BBE7-230D824BAF68}.Release|Any CPU.Build.0 = Release|Any CPU
	EndGlobalSection
	GlobalSection(SolutionProperties) = preSolution
		HideSolutionNode = FALSE
	EndGlobalSection
	GlobalSection(ExtensibilityGlobals) = postSolution
		SolutionGuid = {200772DE-4B5C-4CE1-8A43-17F208B48108}
	EndGlobalSection
EndGlobal
